// !$*UTF8*$!
{
	archiveVersion = 1;
	classes = {
	};
	objectVersion = 50;
	objects = {

/* Begin PBXBuildFile section */
		0AE16D4225F9908E00DD875E /* WeatherListTableViewCell.swift in Sources */ = {isa = PBXBuildFile; fileRef = 0AE16D4125F9908E00DD875E /* WeatherListTableViewCell.swift */; };
		0AE6701325F918E300FB0430 /* AppDelegate.swift in Sources */ = {isa = PBXBuildFile; fileRef = 0AE6701225F918E300FB0430 /* AppDelegate.swift */; };
		0AE6701525F918E300FB0430 /* SceneDelegate.swift in Sources */ = {isa = PBXBuildFile; fileRef = 0AE6701425F918E300FB0430 /* SceneDelegate.swift */; };
		0AE6701725F918E300FB0430 /* MainViewController.swift in Sources */ = {isa = PBXBuildFile; fileRef = 0AE6701625F918E300FB0430 /* MainViewController.swift */; };
		0AE6701A25F918E300FB0430 /* Main.storyboard in Resources */ = {isa = PBXBuildFile; fileRef = 0AE6701825F918E300FB0430 /* Main.storyboard */; };
		0AE6701C25F918E400FB0430 /* Assets.xcassets in Resources */ = {isa = PBXBuildFile; fileRef = 0AE6701B25F918E400FB0430 /* Assets.xcassets */; };
		0AE6701F25F918E400FB0430 /* LaunchScreen.storyboard in Resources */ = {isa = PBXBuildFile; fileRef = 0AE6701D25F918E400FB0430 /* LaunchScreen.storyboard */; };
		0AE6703025F9195200FB0430 /* WeatherViewModel.swift in Sources */ = {isa = PBXBuildFile; fileRef = 0AE6702F25F9195200FB0430 /* WeatherViewModel.swift */; };
		0AE6703725F923E100FB0430 /* WeatherListViewController.swift in Sources */ = {isa = PBXBuildFile; fileRef = 0AE6703625F923E100FB0430 /* WeatherListViewController.swift */; };
		0AE6703A25F923F900FB0430 /* WeatherDetailViewController.swift in Sources */ = {isa = PBXBuildFile; fileRef = 0AE6703925F923F900FB0430 /* WeatherDetailViewController.swift */; };
		0AE6704825F93C6400FB0430 /* AppConstants.swift in Sources */ = {isa = PBXBuildFile; fileRef = 0AE6704725F93C6400FB0430 /* AppConstants.swift */; };
		0AE6704F25F959B800FB0430 /* WeatherDataModel.swift in Sources */ = {isa = PBXBuildFile; fileRef = 0AE6704E25F959B800FB0430 /* WeatherDataModel.swift */; };
/* End PBXBuildFile section */

/* Begin PBXFileReference section */
		0AE16D4125F9908E00DD875E /* WeatherListTableViewCell.swift */ = {isa = PBXFileReference; lastKnownFileType = sourcecode.swift; path = WeatherListTableViewCell.swift; sourceTree = "<group>"; };
		0AE6700F25F918E300FB0430 /* OpenWeatherApp.app */ = {isa = PBXFileReference; explicitFileType = wrapper.application; includeInIndex = 0; path = OpenWeatherApp.app; sourceTree = BUILT_PRODUCTS_DIR; };
		0AE6701225F918E300FB0430 /* AppDelegate.swift */ = {isa = PBXFileReference; lastKnownFileType = sourcecode.swift; path = AppDelegate.swift; sourceTree = "<group>"; };
		0AE6701425F918E300FB0430 /* SceneDelegate.swift */ = {isa = PBXFileReference; lastKnownFileType = sourcecode.swift; path = SceneDelegate.swift; sourceTree = "<group>"; };
		0AE6701625F918E300FB0430 /* MainViewController.swift */ = {isa = PBXFileReference; lastKnownFileType = sourcecode.swift; path = MainViewController.swift; sourceTree = "<group>"; };
		0AE6701925F918E300FB0430 /* Base */ = {isa = PBXFileReference; lastKnownFileType = file.storyboard; name = Base; path = Base.lproj/Main.storyboard; sourceTree = "<group>"; };
		0AE6701B25F918E400FB0430 /* Assets.xcassets */ = {isa = PBXFileReference; lastKnownFileType = folder.assetcatalog; path = Assets.xcassets; sourceTree = "<group>"; };
		0AE6701E25F918E400FB0430 /* Base */ = {isa = PBXFileReference; lastKnownFileType = file.storyboard; name = Base; path = Base.lproj/LaunchScreen.storyboard; sourceTree = "<group>"; };
		0AE6702025F918E400FB0430 /* Info.plist */ = {isa = PBXFileReference; lastKnownFileType = text.plist.xml; path = Info.plist; sourceTree = "<group>"; };
		0AE6702F25F9195200FB0430 /* WeatherViewModel.swift */ = {isa = PBXFileReference; lastKnownFileType = sourcecode.swift; path = WeatherViewModel.swift; sourceTree = "<group>"; };
		0AE6703625F923E100FB0430 /* WeatherListViewController.swift */ = {isa = PBXFileReference; lastKnownFileType = sourcecode.swift; path = WeatherListViewController.swift; sourceTree = "<group>"; };
		0AE6703925F923F900FB0430 /* WeatherDetailViewController.swift */ = {isa = PBXFileReference; lastKnownFileType = sourcecode.swift; path = WeatherDetailViewController.swift; sourceTree = "<group>"; };
		0AE6704725F93C6400FB0430 /* AppConstants.swift */ = {isa = PBXFileReference; lastKnownFileType = sourcecode.swift; path = AppConstants.swift; sourceTree = "<group>"; };
		0AE6704E25F959B800FB0430 /* WeatherDataModel.swift */ = {isa = PBXFileReference; lastKnownFileType = sourcecode.swift; path = WeatherDataModel.swift; sourceTree = "<group>"; };
/* End PBXFileReference section */

/* Begin PBXFrameworksBuildPhase section */
		0AE6700C25F918E300FB0430 /* Frameworks */ = {
			isa = PBXFrameworksBuildPhase;
			buildActionMask = 2147483647;
			files = (
			);
			runOnlyForDeploymentPostprocessing = 0;
		};
/* End PBXFrameworksBuildPhase section */

/* Begin PBXGroup section */
		0AE6700625F918E300FB0430 = {
			isa = PBXGroup;
			children = (
				0AE6701125F918E300FB0430 /* OpenWeatherApp */,
				0AE6701025F918E300FB0430 /* Products */,
			);
			sourceTree = "<group>";
		};
		0AE6701025F918E300FB0430 /* Products */ = {
			isa = PBXGroup;
			children = (
				0AE6700F25F918E300FB0430 /* OpenWeatherApp.app */,
			);
			name = Products;
			sourceTree = "<group>";
		};
		0AE6701125F918E300FB0430 /* OpenWeatherApp */ = {
			isa = PBXGroup;
			children = (
				0AE6703425F91C0900FB0430 /* Supports */,
				0AE6704425F93C1900FB0430 /* Constants */,
				0AE6702A25F918FE00FB0430 /* Model */,
				0AE6702925F918FC00FB0430 /* View */,
				0AE6702825F918FA00FB0430 /* ViewModel */,
				0AE6702725F918F700FB0430 /* Controller */,
				0AE6701B25F918E400FB0430 /* Assets.xcassets */,
				0AE6702025F918E400FB0430 /* Info.plist */,
			);
			path = OpenWeatherApp;
			sourceTree = "<group>";
		};
		0AE6702725F918F700FB0430 /* Controller */ = {
			isa = PBXGroup;
			children = (
				0AE6701625F918E300FB0430 /* MainViewController.swift */,
				0AE6703625F923E100FB0430 /* WeatherListViewController.swift */,
				0AE6703925F923F900FB0430 /* WeatherDetailViewController.swift */,
				0AE16D4125F9908E00DD875E /* WeatherListTableViewCell.swift */,
			);
			path = Controller;
			sourceTree = "<group>";
		};
		0AE6702825F918FA00FB0430 /* ViewModel */ = {
			isa = PBXGroup;
			children = (
				0AE6702F25F9195200FB0430 /* WeatherViewModel.swift */,
			);
			path = ViewModel;
			sourceTree = "<group>";
		};
		0AE6702925F918FC00FB0430 /* View */ = {
			isa = PBXGroup;
			children = (
				0AE6701D25F918E400FB0430 /* LaunchScreen.storyboard */,
				0AE6701825F918E300FB0430 /* Main.storyboard */,
			);
			path = View;
			sourceTree = "<group>";
		};
		0AE6702A25F918FE00FB0430 /* Model */ = {
			isa = PBXGroup;
			children = (
				0AE6704E25F959B800FB0430 /* WeatherDataModel.swift */,
			);
			path = Model;
			sourceTree = "<group>";
		};
		0AE6703425F91C0900FB0430 /* Supports */ = {
			isa = PBXGroup;
			children = (
				0AE6701225F918E300FB0430 /* AppDelegate.swift */,
				0AE6701425F918E300FB0430 /* SceneDelegate.swift */,
			);
			path = Supports;
			sourceTree = "<group>";
		};
		0AE6704425F93C1900FB0430 /* Constants */ = {
			isa = PBXGroup;
			children = (
				0AE6704725F93C6400FB0430 /* AppConstants.swift */,
			);
			path = Constants;
			sourceTree = "<group>";
		};
/* End PBXGroup section */

/* Begin PBXNativeTarget section */
		0AE6700E25F918E300FB0430 /* OpenWeatherApp */ = {
			isa = PBXNativeTarget;
			buildConfigurationList = 0AE6702325F918E400FB0430 /* Build configuration list for PBXNativeTarget "OpenWeatherApp" */;
			buildPhases = (
				0AE6700B25F918E300FB0430 /* Sources */,
				0AE6700C25F918E300FB0430 /* Frameworks */,
				0AE6700D25F918E300FB0430 /* Resources */,
			);
			buildRules = (
			);
			dependencies = (
			);
			name = OpenWeatherApp;
			productName = OpenWeatherApp;
			productReference = 0AE6700F25F918E300FB0430 /* OpenWeatherApp.app */;
			productType = "com.apple.product-type.application";
		};
/* End PBXNativeTarget section */

/* Begin PBXProject section */
		0AE6700725F918E300FB0430 /* Project object */ = {
			isa = PBXProject;
			attributes = {
				LastSwiftUpdateCheck = 1240;
				LastUpgradeCheck = 1240;
				TargetAttributes = {
					0AE6700E25F918E300FB0430 = {
						CreatedOnToolsVersion = 12.4;
					};
				};
			};
			buildConfigurationList = 0AE6700A25F918E300FB0430 /* Build configuration list for PBXProject "OpenWeatherApp" */;
			compatibilityVersion = "Xcode 9.3";
			developmentRegion = en;
			hasScannedForEncodings = 0;
			knownRegions = (
				en,
				Base,
			);
			mainGroup = 0AE6700625F918E300FB0430;
			productRefGroup = 0AE6701025F918E300FB0430 /* Products */;
			projectDirPath = "";
			projectRoot = "";
			targets = (
				0AE6700E25F918E300FB0430 /* OpenWeatherApp */,
			);
		};
/* End PBXProject section */

/* Begin PBXResourcesBuildPhase section */
		0AE6700D25F918E300FB0430 /* Resources */ = {
			isa = PBXResourcesBuildPhase;
			buildActionMask = 2147483647;
			files = (
				0AE6701F25F918E400FB0430 /* LaunchScreen.storyboard in Resources */,
				0AE6701C25F918E400FB0430 /* Assets.xcassets in Resources */,
				0AE6701A25F918E300FB0430 /* Main.storyboard in Resources */,
			);
			runOnlyForDeploymentPostprocessing = 0;
		};
/* End PBXResourcesBuildPhase section */

/* Begin PBXSourcesBuildPhase section */
		0AE6700B25F918E300FB0430 /* Sources */ = {
			isa = PBXSourcesBuildPhase;
			buildActionMask = 2147483647;
			files = (
				0AE6703025F9195200FB0430 /* WeatherViewModel.swift in Sources */,
				0AE6701725F918E300FB0430 /* MainViewController.swift in Sources */,
				0AE16D4225F9908E00DD875E /* WeatherListTableViewCell.swift in Sources */,
				0AE6704825F93C6400FB0430 /* AppConstants.swift in Sources */,
				0AE6703A25F923F900FB0430 /* WeatherDetailViewController.swift in Sources */,
				0AE6703725F923E100FB0430 /* WeatherListViewController.swift in Sources */,
				0AE6704F25F959B800FB0430 /* WeatherDataModel.swift in Sources */,
				0AE6701325F918E300FB0430 /* AppDelegate.swift in Sources */,
				0AE6701525F918E300FB0430 /* SceneDelegate.swift in Sources */,
			);
			runOnlyForDeploymentPostprocessing = 0;
		};
/* End PBXSourcesBuildPhase section */

/* Begin PBXVariantGroup section */
		0AE6701825F918E300FB0430 /* Main.storyboard */ = {
			isa = PBXVariantGroup;
			children = (
				0AE6701925F918E300FB0430 /* Base */,
			);
			name = Main.storyboard;
			sourceTree = "<group>";
		};
		0AE6701D25F918E400FB0430 /* LaunchScreen.storyboard */ = {
			isa = PBXVariantGroup;
			children = (
				0AE6701E25F918E400FB0430 /* Base */,
			);
			name = LaunchScreen.storyboard;
			sourceTree = "<group>";
		};
/* End PBXVariantGroup section */

/* Begin XCBuildConfiguration section */
		0AE6702125F918E400FB0430 /* Debug */ = {
			isa = XCBuildConfiguration;
			buildSettings = {
				ALWAYS_SEARCH_USER_PATHS = NO;
				CLANG_ANALYZER_NONNULL = YES;
				CLANG_ANALYZER_NUMBER_OBJECT_CONVERSION = YES_AGGRESSIVE;
				CLANG_CXX_LANGUAGE_STANDARD = "gnu++14";
				CLANG_CXX_LIBRARY = "libc++";
				CLANG_ENABLE_MODULES = YES;
				CLANG_ENABLE_OBJC_ARC = YES;
				CLANG_ENABLE_OBJC_WEAK = YES;
				CLANG_WARN_BLOCK_CAPTURE_AUTORELEASING = YES;
				CLANG_WARN_BOOL_CONVERSION = YES;
				CLANG_WARN_COMMA = YES;
				CLANG_WARN_CONSTANT_CONVERSION = YES;
				CLANG_WARN_DEPRECATED_OBJC_IMPLEMENTATIONS = YES;
				CLANG_WARN_DIRECT_OBJC_ISA_USAGE = YES_ERROR;
				CLANG_WARN_DOCUMENTATION_COMMENTS = YES;
				CLANG_WARN_EMPTY_BODY = YES;
				CLANG_WARN_ENUM_CONVERSION = YES;
				CLANG_WARN_INFINITE_RECURSION = YES;
				CLANG_WARN_INT_CONVERSION = YES;
				CLANG_WARN_NON_LITERAL_NULL_CONVERSION = YES;
				CLANG_WARN_OBJC_IMPLICIT_RETAIN_SELF = YES;
				CLANG_WARN_OBJC_LITERAL_CONVERSION = YES;
				CLANG_WARN_OBJC_ROOT_CLASS = YES_ERROR;
				CLANG_WARN_QUOTED_INCLUDE_IN_FRAMEWORK_HEADER = YES;
				CLANG_WARN_RANGE_LOOP_ANALYSIS = YES;
				CLANG_WARN_STRICT_PROTOTYPES = YES;
				CLANG_WARN_SUSPICIOUS_MOVE = YES;
				CLANG_WARN_UNGUARDED_AVAILABILITY = YES_AGGRESSIVE;
				CLANG_WARN_UNREACHABLE_CODE = YES;
				CLANG_WARN__DUPLICATE_METHOD_MATCH = YES;
				COPY_PHASE_STRIP = NO;
				DEBUG_INFORMATION_FORMAT = dwarf;
				ENABLE_STRICT_OBJC_MSGSEND = YES;
				ENABLE_TESTABILITY = YES;
				GCC_C_LANGUAGE_STANDARD = gnu11;
				GCC_DYNAMIC_NO_PIC = NO;
				GCC_NO_COMMON_BLOCKS = YES;
				GCC_OPTIMIZATION_LEVEL = 0;
				GCC_PREPROCESSOR_DEFINITIONS = (
					"DEBUG=1",
					"$(inherited)",
				);
				GCC_WARN_64_TO_32_BIT_CONVERSION = YES;
				GCC_WARN_ABOUT_RETURN_TYPE = YES_ERROR;
				GCC_WARN_UNDECLARED_SELECTOR = YES;
				GCC_WARN_UNINITIALIZED_AUTOS = YES_AGGRESSIVE;
				GCC_WARN_UNUSED_FUNCTION = YES;
				GCC_WARN_UNUSED_VARIABLE = YES;
				IPHONEOS_DEPLOYMENT_TARGET = 14.4;
				MTL_ENABLE_DEBUG_INFO = INCLUDE_SOURCE;
				MTL_FAST_MATH = YES;
				ONLY_ACTIVE_ARCH = YES;
				SDKROOT = iphoneos;
				SWIFT_ACTIVE_COMPILATION_CONDITIONS = DEBUG;
				SWIFT_OPTIMIZATION_LEVEL = "-Onone";
			};
			name = Debug;
		};
		0AE6702225F918E400FB0430 /* Release */ = {
			isa = XCBuildConfiguration;
			buildSettings = {
				ALWAYS_SEARCH_USER_PATHS = NO;
				CLANG_ANALYZER_NONNULL = YES;
				CLANG_ANALYZER_NUMBER_OBJECT_CONVERSION = YES_AGGRESSIVE;
				CLANG_CXX_LANGUAGE_STANDARD = "gnu++14";
				CLANG_CXX_LIBRARY = "libc++";
				CLANG_ENABLE_MODULES = YES;
				CLANG_ENABLE_OBJC_ARC = YES;
				CLANG_ENABLE_OBJC_WEAK = YES;
				CLANG_WARN_BLOCK_CAPTURE_AUTORELEASING = YES;
				CLANG_WARN_BOOL_CONVERSION = YES;
				CLANG_WARN_COMMA = YES;
				CLANG_WARN_CONSTANT_CONVERSION = YES;
				CLANG_WARN_DEPRECATED_OBJC_IMPLEMENTATIONS = YES;
				CLANG_WARN_DIRECT_OBJC_ISA_USAGE = YES_ERROR;
				CLANG_WARN_DOCUMENTATION_COMMENTS = YES;
				CLANG_WARN_EMPTY_BODY = YES;
				CLANG_WARN_ENUM_CONVERSION = YES;
				CLANG_WARN_INFINITE_RECURSION = YES;
				CLANG_WARN_INT_CONVERSION = YES;
				CLANG_WARN_NON_LITERAL_NULL_CONVERSION = YES;
				CLANG_WARN_OBJC_IMPLICIT_RETAIN_SELF = YES;
				CLANG_WARN_OBJC_LITERAL_CONVERSION = YES;
				CLANG_WARN_OBJC_ROOT_CLASS = YES_ERROR;
				CLANG_WARN_QUOTED_INCLUDE_IN_FRAMEWORK_HEADER = YES;
				CLANG_WARN_RANGE_LOOP_ANALYSIS = YES;
				CLANG_WARN_STRICT_PROTOTYPES = YES;
				CLANG_WARN_SUSPICIOUS_MOVE = YES;
				CLANG_WARN_UNGUARDED_AVAILABILITY = YES_AGGRESSIVE;
				CLANG_WARN_UNREACHABLE_CODE = YES;
				CLANG_WARN__DUPLICATE_METHOD_MATCH = YES;
				COPY_PHASE_STRIP = NO;
				DEBUG_INFORMATION_FORMAT = "dwarf-with-dsym";
				ENABLE_NS_ASSERTIONS = NO;
				ENABLE_STRICT_OBJC_MSGSEND = YES;
				GCC_C_LANGUAGE_STANDARD = gnu11;
				GCC_NO_COMMON_BLOCKS = YES;
				GCC_WARN_64_TO_32_BIT_CONVERSION = YES;
				GCC_WARN_ABOUT_RETURN_TYPE = YES_ERROR;
				GCC_WARN_UNDECLARED_SELECTOR = YES;
				GCC_WARN_UNINITIALIZED_AUTOS = YES_AGGRESSIVE;
				GCC_WARN_UNUSED_FUNCTION = YES;
				GCC_WARN_UNUSED_VARIABLE = YES;
				IPHONEOS_DEPLOYMENT_TARGET = 14.4;
				MTL_ENABLE_DEBUG_INFO = NO;
				MTL_FAST_MATH = YES;
				SDKROOT = iphoneos;
				SWIFT_COMPILATION_MODE = wholemodule;
				SWIFT_OPTIMIZATION_LEVEL = "-O";
				VALIDATE_PRODUCT = YES;
			};
			name = Release;
		};
		0AE6702425F918E400FB0430 /* Debug */ = {
			isa = XCBuildConfiguration;
			buildSettings = {
				ASSETCATALOG_COMPILER_APPICON_NAME = AppIcon;
				ASSETCATALOG_COMPILER_GLOBAL_ACCENT_COLOR_NAME = AccentColor;
				CODE_SIGN_STYLE = Automatic;
				DEVELOPMENT_TEAM = 8F2C2UG8TV;
				INFOPLIST_FILE = OpenWeatherApp/Info.plist;
				LD_RUNPATH_SEARCH_PATHS = (
					"$(inherited)",
					"@executable_path/Frameworks",
				);
				PRODUCT_BUNDLE_IDENTIFIER = com.shawn.OpenWeatherApp;
				PRODUCT_NAME = "$(TARGET_NAME)";
				SWIFT_VERSION = 5.0;
				TARGETED_DEVICE_FAMILY = "1,2";
			};
			name = Debug;
		};
		0AE6702525F918E400FB0430 /* Release */ = {
			isa = XCBuildConfiguration;
			buildSettings = {
				ASSETCATALOG_COMPILER_APPICON_NAME = AppIcon;
				ASSETCATALOG_COMPILER_GLOBAL_ACCENT_COLOR_NAME = AccentColor;
				CODE_SIGN_STYLE = Automatic;
				DEVELOPMENT_TEAM = 8F2C2UG8TV;
				INFOPLIST_FILE = OpenWeatherApp/Info.plist;
				LD_RUNPATH_SEARCH_PATHS = (
					"$(inherited)",
					"@executable_path/Frameworks",
				);
				PRODUCT_BUNDLE_IDENTIFIER = com.shawn.OpenWeatherApp;
				PRODUCT_NAME = "$(TARGET_NAME)";
				SWIFT_VERSION = 5.0;
				TARGETED_DEVICE_FAMILY = "1,2";
			};
			name = Release;
		};
/* End XCBuildConfiguration section */

/* Begin XCConfigurationList section */
		0AE6700A25F918E300FB0430 /* Build configuration list for PBXProject "OpenWeatherApp" */ = {
			isa = XCConfigurationList;
			buildConfigurations = (
				0AE6702125F918E400FB0430 /* Debug */,
				0AE6702225F918E400FB0430 /* Release */,
			);
			defaultConfigurationIsVisible = 0;
			defaultConfigurationName = Release;
		};
		0AE6702325F918E400FB0430 /* Build configuration list for PBXNativeTarget "OpenWeatherApp" */ = {
			isa = XCConfigurationList;
			buildConfigurations = (
				0AE6702425F918E400FB0430 /* Debug */,
				0AE6702525F918E400FB0430 /* Release */,
			);
			defaultConfigurationIsVisible = 0;
			defaultConfigurationName = Release;
		};
/* End XCConfigurationList section */
	};
	rootObject = 0AE6700725F918E300FB0430 /* Project object */;
}
